
Microsoft Visual Studio Solution File, Format Version 12.00
# Visual Studio Version 17
VisualStudioVersion = 17.10.35122.118
MinimumVisualStudioVersion = 10.0.40219.1
Project("{9A19103F-16F7-4668-BE54-9A1E7A4F7556}") = "C971", "C971.csproj", "{B3783466-1AD4-4871-B02F-0E976FD144DF}"
EndProject
Global
	GlobalSection(SolutionConfigurationPlatforms) = preSolution
		Debug|Any CPU = Debug|Any CPU
		Release|Any CPU = Release|Any CPU
	EndGlobalSection
	GlobalSection(ProjectConfigurationPlatforms) = postSolution
		{B3783466-1AD4-4871-B02F-0E976FD144DF}.Debug|Any CPU.ActiveCfg = Release|Any CPU
		{B3783466-1AD4-4871-B02F-0E976FD144DF}.Debug|Any CPU.Build.0 = Release|Any CPU
		{B3783466-1AD4-4871-B02F-0E976FD144DF}.Debug|Any CPU.Deploy.0 = Release|Any CPU
		{B3783466-1AD4-4871-B02F-0E976FD144DF}.Release|Any CPU.ActiveCfg = Release|Any CPU
		{B3783466-1AD4-4871-B02F-0E976FD144DF}.Release|Any CPU.Build.0 = Release|Any CPU
		{B3783466-1AD4-4871-B02F-0E976FD144DF}.Release|Any CPU.Deploy.0 = Release|Any CPU
	EndGlobalSection
	GlobalSection(SolutionProperties) = preSolution
		HideSolutionNode = FALSE
	EndGlobalSection
	GlobalSection(ExtensibilityGlobals) = postSolution
		SolutionGuid = {BF05073C-FED9-4AAF-AE75-AB2ED2B637D4}
	EndGlobalSection
EndGlobal
